// !$*UTF8*$!
{
	archiveVersion = 1;
	classes = {
	};
	objectVersion = 46;
	objects = {

/* Begin PBXBuildFile section */
		5683A1751AE0B01D004B96B1 /* main.m in Sources */ = {isa = PBXBuildFile; fileRef = 5683A1741AE0B01D004B96B1 /* main.m */; };
		5683A1781AE0B01D004B96B1 /* AppDelegate.m in Sources */ = {isa = PBXBuildFile; fileRef = 5683A1771AE0B01D004B96B1 /* AppDelegate.m */; };
		5683A17B1AE0B01D004B96B1 /* ViewController.m in Sources */ = {isa = PBXBuildFile; fileRef = 5683A17A1AE0B01D004B96B1 /* ViewController.m */; };
		5683A17E1AE0B01D004B96B1 /* Main.storyboard in Resources */ = {isa = PBXBuildFile; fileRef = 5683A17C1AE0B01D004B96B1 /* Main.storyboard */; };
		5683A1801AE0B01D004B96B1 /* Images.xcassets in Resources */ = {isa = PBXBuildFile; fileRef = 5683A17F1AE0B01D004B96B1 /* Images.xcassets */; };
		5683A1831AE0B01D004B96B1 /* LaunchScreen.xib in Resources */ = {isa = PBXBuildFile; fileRef = 5683A1811AE0B01D004B96B1 /* LaunchScreen.xib */; };
		5683A18F1AE0B01D004B96B1 /* QFToolBarDemoTests.m in Sources */ = {isa = PBXBuildFile; fileRef = 5683A18E1AE0B01D004B96B1 /* QFToolBarDemoTests.m */; };
		5683A19D1AE0BAE6004B96B1 /* sep_line@2x.png in Resources */ = {isa = PBXBuildFile; fileRef = 5683A19C1AE0BAE6004B96B1 /* sep_line@2x.png */; };
		56C67B3F1AE0FA8C001C69EB /* QFToolBar.m in Sources */ = {isa = PBXBuildFile; fileRef = 56C67B3E1AE0FA8C001C69EB /* QFToolBar.m */; };
		F3C6728867867A6EFA2318C0 /* libPods-QFToolBarDemo.a in Frameworks */ = {isa = PBXBuildFile; fileRef = 64E793068873A7F33BDF1814 /* libPods-QFToolBarDemo.a */; };
/* End PBXBuildFile section */

/* Begin PBXContainerItemProxy section */
		5683A1891AE0B01D004B96B1 /* PBXContainerItemProxy */ = {
			isa = PBXContainerItemProxy;
			containerPortal = 5683A1671AE0B01D004B96B1 /* Project object */;
			proxyType = 1;
			remoteGlobalIDString = 5683A16E1AE0B01D004B96B1;
			remoteInfo = QFToolBarDemo;
		};
/* End PBXContainerItemProxy section */

/* Begin PBXFileReference section */
		3DA121E4129F44BDAE629F7F /* Pods-QFToolBarDemo.release.xcconfig */ = {isa = PBXFileReference; includeInIndex = 1; lastKnownFileType = text.xcconfig; name = "Pods-QFToolBarDemo.release.xcconfig"; path = "Pods/Target Support Files/Pods-QFToolBarDemo/Pods-QFToolBarDemo.release.xcconfig"; sourceTree = "<group>"; };
		4D09BFC5409D913351388ADE /* Pods-QFToolBarDemo.debug.xcconfig */ = {isa = PBXFileReference; includeInIndex = 1; lastKnownFileType = text.xcconfig; name = "Pods-QFToolBarDemo.debug.xcconfig"; path = "Pods/Target Support Files/Pods-QFToolBarDemo/Pods-QFToolBarDemo.debug.xcconfig"; sourceTree = "<group>"; };
		5683A16F1AE0B01D004B96B1 /* QFToolBarDemo.app */ = {isa = PBXFileReference; explicitFileType = wrapper.application; includeInIndex = 0; path = QFToolBarDemo.app; sourceTree = BUILT_PRODUCTS_DIR; };
		5683A1731AE0B01D004B96B1 /* Info.plist */ = {isa = PBXFileReference; lastKnownFileType = text.plist.xml; path = Info.plist; sourceTree = "<group>"; };
		5683A1741AE0B01D004B96B1 /* main.m */ = {isa = PBXFileReference; lastKnownFileType = sourcecode.c.objc; path = main.m; sourceTree = "<group>"; };
		5683A1761AE0B01D004B96B1 /* AppDelegate.h */ = {isa = PBXFileReference; lastKnownFileType = sourcecode.c.h; path = AppDelegate.h; sourceTree = "<group>"; };
		5683A1771AE0B01D004B96B1 /* AppDelegate.m */ = {isa = PBXFileReference; lastKnownFileType = sourcecode.c.objc; path = AppDelegate.m; sourceTree = "<group>"; };
		5683A1791AE0B01D004B96B1 /* ViewController.h */ = {isa = PBXFileReference; lastKnownFileType = sourcecode.c.h; path = ViewController.h; sourceTree = "<group>"; };
		5683A17A1AE0B01D004B96B1 /* ViewController.m */ = {isa = PBXFileReference; lastKnownFileType = sourcecode.c.objc; path = ViewController.m; sourceTree = "<group>"; };
		5683A17D1AE0B01D004B96B1 /* Base */ = {isa = PBXFileReference; lastKnownFileType = file.storyboard; name = Base; path = Base.lproj/Main.storyboard; sourceTree = "<group>"; };
		5683A17F1AE0B01D004B96B1 /* Images.xcassets */ = {isa = PBXFileReference; lastKnownFileType = folder.assetcatalog; path = Images.xcassets; sourceTree = "<group>"; };
		5683A1821AE0B01D004B96B1 /* Base */ = {isa = PBXFileReference; lastKnownFileType = file.xib; name = Base; path = Base.lproj/LaunchScreen.xib; sourceTree = "<group>"; };
		5683A1881AE0B01D004B96B1 /* QFToolBarDemoTests.xctest */ = {isa = PBXFileReference; explicitFileType = wrapper.cfbundle; includeInIndex = 0; path = QFToolBarDemoTests.xctest; sourceTree = BUILT_PRODUCTS_DIR; };
		5683A18D1AE0B01D004B96B1 /* Info.plist */ = {isa = PBXFileReference; lastKnownFileType = text.plist.xml; path = Info.plist; sourceTree = "<group>"; };
		5683A18E1AE0B01D004B96B1 /* QFToolBarDemoTests.m */ = {isa = PBXFileReference; lastKnownFileType = sourcecode.c.objc; path = QFToolBarDemoTests.m; sourceTree = "<group>"; };
		5683A19C1AE0BAE6004B96B1 /* sep_line@2x.png */ = {isa = PBXFileReference; lastKnownFileType = image.png; path = "sep_line@2x.png"; sourceTree = "<group>"; };
		56C67B3D1AE0FA8C001C69EB /* QFToolBar.h */ = {isa = PBXFileReference; fileEncoding = 4; lastKnownFileType = sourcecode.c.h; path = QFToolBar.h; sourceTree = "<group>"; };
		56C67B3E1AE0FA8C001C69EB /* QFToolBar.m */ = {isa = PBXFileReference; fileEncoding = 4; lastKnownFileType = sourcecode.c.objc; path = QFToolBar.m; sourceTree = "<group>"; };
		64E793068873A7F33BDF1814 /* libPods-QFToolBarDemo.a */ = {isa = PBXFileReference; explicitFileType = archive.ar; includeInIndex = 0; path = "libPods-QFToolBarDemo.a"; sourceTree = BUILT_PRODUCTS_DIR; };
/* End PBXFileReference section */

/* Begin PBXFrameworksBuildPhase section */
		5683A16C1AE0B01D004B96B1 /* Frameworks */ = {
			isa = PBXFrameworksBuildPhase;
			buildActionMask = 2147483647;
			files = (
				F3C6728867867A6EFA2318C0 /* libPods-QFToolBarDemo.a in Frameworks */,
			);
			runOnlyForDeploymentPostprocessing = 0;
		};
		5683A1851AE0B01D004B96B1 /* Frameworks */ = {
			isa = PBXFrameworksBuildPhase;
			buildActionMask = 2147483647;
			files = (
			);
			runOnlyForDeploymentPostprocessing = 0;
		};
/* End PBXFrameworksBuildPhase section */

/* Begin PBXGroup section */
		5683A1661AE0B01D004B96B1 = {
			isa = PBXGroup;
			children = (
				5683A1711AE0B01D004B96B1 /* QFToolBarDemo */,
				5683A18B1AE0B01D004B96B1 /* QFToolBarDemoTests */,
				5683A1701AE0B01D004B96B1 /* Products */,
				925611F9D375F4DE16A3790E /* Pods */,
				D05C796CC6A4DE8F107695EA /* Frameworks */,
			);
			sourceTree = "<group>";
		};
		5683A1701AE0B01D004B96B1 /* Products */ = {
			isa = PBXGroup;
			children = (
				5683A16F1AE0B01D004B96B1 /* QFToolBarDemo.app */,
				5683A1881AE0B01D004B96B1 /* QFToolBarDemoTests.xctest */,
			);
			name = Products;
			sourceTree = "<group>";
		};
		5683A1711AE0B01D004B96B1 /* QFToolBarDemo */ = {
			isa = PBXGroup;
			children = (
				56C67B3C1AE0FA8C001C69EB /* QFToolBar */,
				5683A1761AE0B01D004B96B1 /* AppDelegate.h */,
				5683A1771AE0B01D004B96B1 /* AppDelegate.m */,
				5683A1791AE0B01D004B96B1 /* ViewController.h */,
				5683A17A1AE0B01D004B96B1 /* ViewController.m */,
				5683A19C1AE0BAE6004B96B1 /* sep_line@2x.png */,
				5683A17C1AE0B01D004B96B1 /* Main.storyboard */,
				5683A17F1AE0B01D004B96B1 /* Images.xcassets */,
				5683A1811AE0B01D004B96B1 /* LaunchScreen.xib */,
				5683A1721AE0B01D004B96B1 /* Supporting Files */,
			);
			path = QFToolBarDemo;
			sourceTree = "<group>";
		};
		5683A1721AE0B01D004B96B1 /* Supporting Files */ = {
			isa = PBXGroup;
			children = (
				5683A1731AE0B01D004B96B1 /* Info.plist */,
				5683A1741AE0B01D004B96B1 /* main.m */,
			);
			name = "Supporting Files";
			sourceTree = "<group>";
		};
		5683A18B1AE0B01D004B96B1 /* QFToolBarDemoTests */ = {
			isa = PBXGroup;
			children = (
				5683A18E1AE0B01D004B96B1 /* QFToolBarDemoTests.m */,
				5683A18C1AE0B01D004B96B1 /* Supporting Files */,
			);
			path = QFToolBarDemoTests;
			sourceTree = "<group>";
		};
		5683A18C1AE0B01D004B96B1 /* Supporting Files */ = {
			isa = PBXGroup;
			children = (
				5683A18D1AE0B01D004B96B1 /* Info.plist */,
			);
			name = "Supporting Files";
			sourceTree = "<group>";
		};
		56C67B3C1AE0FA8C001C69EB /* QFToolBar */ = {
			isa = PBXGroup;
			children = (
				56C67B3D1AE0FA8C001C69EB /* QFToolBar.h */,
				56C67B3E1AE0FA8C001C69EB /* QFToolBar.m */,
			);
			name = QFToolBar;
			path = ../../QFToolBar;
			sourceTree = "<group>";
		};
		925611F9D375F4DE16A3790E /* Pods */ = {
			isa = PBXGroup;
			children = (
				4D09BFC5409D913351388ADE /* Pods-QFToolBarDemo.debug.xcconfig */,
				3DA121E4129F44BDAE629F7F /* Pods-QFToolBarDemo.release.xcconfig */,
			);
			name = Pods;
			sourceTree = "<group>";
		};
		D05C796CC6A4DE8F107695EA /* Frameworks */ = {
			isa = PBXGroup;
			children = (
				64E793068873A7F33BDF1814 /* libPods-QFToolBarDemo.a */,
			);
			name = Frameworks;
			sourceTree = "<group>";
		};
/* End PBXGroup section */

/* Begin PBXNativeTarget section */
		5683A16E1AE0B01D004B96B1 /* QFToolBarDemo */ = {
			isa = PBXNativeTarget;
			buildConfigurationList = 5683A1921AE0B01D004B96B1 /* Build configuration list for PBXNativeTarget "QFToolBarDemo" */;
			buildPhases = (
				187DDAE00BB04F69055E408F /* Check Pods Manifest.lock */,
				5683A16B1AE0B01D004B96B1 /* Sources */,
				5683A16C1AE0B01D004B96B1 /* Frameworks */,
				5683A16D1AE0B01D004B96B1 /* Resources */,
				4D4E5E32562E09D318E421C3 /* Copy Pods Resources */,
			);
			buildRules = (
			);
			dependencies = (
			);
			name = QFToolBarDemo;
			productName = QFToolBarDemo;
			productReference = 5683A16F1AE0B01D004B96B1 /* QFToolBarDemo.app */;
			productType = "com.apple.product-type.application";
		};
		5683A1871AE0B01D004B96B1 /* QFToolBarDemoTests */ = {
			isa = PBXNativeTarget;
			buildConfigurationList = 5683A1951AE0B01D004B96B1 /* Build configuration list for PBXNativeTarget "QFToolBarDemoTests" */;
			buildPhases = (
				5683A1841AE0B01D004B96B1 /* Sources */,
				5683A1851AE0B01D004B96B1 /* Frameworks */,
				5683A1861AE0B01D004B96B1 /* Resources */,
			);
			buildRules = (
			);
			dependencies = (
				5683A18A1AE0B01D004B96B1 /* PBXTargetDependency */,
			);
			name = QFToolBarDemoTests;
			productName = QFToolBarDemoTests;
			productReference = 5683A1881AE0B01D004B96B1 /* QFToolBarDemoTests.xctest */;
			productType = "com.apple.product-type.bundle.unit-test";
		};
/* End PBXNativeTarget section */

/* Begin PBXProject section */
		5683A1671AE0B01D004B96B1 /* Project object */ = {
			isa = PBXProject;
			attributes = {
				LastUpgradeCheck = 0620;
				ORGANIZATIONNAME = "深圳市开心房网网络科技有限公司";
				TargetAttributes = {
					5683A16E1AE0B01D004B96B1 = {
						CreatedOnToolsVersion = 6.2;
						DevelopmentTeam = PDFNCJM5PL;
					};
					5683A1871AE0B01D004B96B1 = {
						CreatedOnToolsVersion = 6.2;
						TestTargetID = 5683A16E1AE0B01D004B96B1;
					};
				};
			};
			buildConfigurationList = 5683A16A1AE0B01D004B96B1 /* Build configuration list for PBXProject "QFToolBarDemo" */;
			compatibilityVersion = "Xcode 3.2";
			developmentRegion = English;
			hasScannedForEncodings = 0;
			knownRegions = (
				en,
				Base,
			);
			mainGroup = 5683A1661AE0B01D004B96B1;
			productRefGroup = 5683A1701AE0B01D004B96B1 /* Products */;
			projectDirPath = "";
			projectRoot = "";
			targets = (
				5683A16E1AE0B01D004B96B1 /* QFToolBarDemo */,
				5683A1871AE0B01D004B96B1 /* QFToolBarDemoTests */,
			);
		};
/* End PBXProject section */

/* Begin PBXResourcesBuildPhase section */
		5683A16D1AE0B01D004B96B1 /* Resources */ = {
			isa = PBXResourcesBuildPhase;
			buildActionMask = 2147483647;
			files = (
				5683A17E1AE0B01D004B96B1 /* Main.storyboard in Resources */,
				5683A1831AE0B01D004B96B1 /* LaunchScreen.xib in Resources */,
				5683A19D1AE0BAE6004B96B1 /* sep_line@2x.png in Resources */,
				5683A1801AE0B01D004B96B1 /* Images.xcassets in Resources */,
			);
			runOnlyForDeploymentPostprocessing = 0;
		};
		5683A1861AE0B01D004B96B1 /* Resources */ = {
			isa = PBXResourcesBuildPhase;
			buildActionMask = 2147483647;
			files = (
			);
			runOnlyForDeploymentPostprocessing = 0;
		};
/* End PBXResourcesBuildPhase section */

/* Begin PBXShellScriptBuildPhase section */
		187DDAE00BB04F69055E408F /* Check Pods Manifest.lock */ = {
			isa = PBXShellScriptBuildPhase;
			buildActionMask = 2147483647;
			files = (
			);
			inputPaths = (
			);
			name = "Check Pods Manifest.lock";
			outputPaths = (
			);
			runOnlyForDeploymentPostprocessing = 0;
			shellPath = /bin/sh;
			shellScript = "diff \"${PODS_ROOT}/../Podfile.lock\" \"${PODS_ROOT}/Manifest.lock\" > /dev/null\nif [[ $? != 0 ]] ; then\n    cat << EOM\nerror: The sandbox is not in sync with the Podfile.lock. Run 'pod install' or update your CocoaPods installation.\nEOM\n    exit 1\nfi\n";
			showEnvVarsInLog = 0;
		};
		4D4E5E32562E09D318E421C3 /* Copy Pods Resources */ = {
			isa = PBXShellScriptBuildPhase;
			buildActionMask = 2147483647;
			files = (
			);
			inputPaths = (
			);
			name = "Copy Pods Resources";
			outputPaths = (
			);
			runOnlyForDeploymentPostprocessing = 0;
			shellPath = /bin/sh;
			shellScript = "\"${SRCROOT}/Pods/Target Support Files/Pods-QFToolBarDemo/Pods-QFToolBarDemo-resources.sh\"\n";
			showEnvVarsInLog = 0;
		};
/* End PBXShellScriptBuildPhase section */

/* Begin PBXSourcesBuildPhase section */
		5683A16B1AE0B01D004B96B1 /* Sources */ = {
			isa = PBXSourcesBuildPhase;
			buildActionMask = 2147483647;
			files = (
				56C67B3F1AE0FA8C001C69EB /* QFToolBar.m in Sources */,
				5683A17B1AE0B01D004B96B1 /* ViewController.m in Sources */,
				5683A1781AE0B01D004B96B1 /* AppDelegate.m in Sources */,
				5683A1751AE0B01D004B96B1 /* main.m in Sources */,
			);
			runOnlyForDeploymentPostprocessing = 0;
		};
		5683A1841AE0B01D004B96B1 /* Sources */ = {
			isa = PBXSourcesBuildPhase;
			buildActionMask = 2147483647;
			files = (
				5683A18F1AE0B01D004B96B1 /* QFToolBarDemoTests.m in Sources */,
			);
			runOnlyForDeploymentPostprocessing = 0;
		};
/* End PBXSourcesBuildPhase section */

/* Begin PBXTargetDependency section */
		5683A18A1AE0B01D004B96B1 /* PBXTargetDependency */ = {
			isa = PBXTargetDependency;
			target = 5683A16E1AE0B01D004B96B1 /* QFToolBarDemo */;
			targetProxy = 5683A1891AE0B01D004B96B1 /* PBXContainerItemProxy */;
		};
/* End PBXTargetDependency section */

/* Begin PBXVariantGroup section */
		5683A17C1AE0B01D004B96B1 /* Main.storyboard */ = {
			isa = PBXVariantGroup;
			children = (
				5683A17D1AE0B01D004B96B1 /* Base */,
			);
			name = Main.storyboard;
			sourceTree = "<group>";
		};
		5683A1811AE0B01D004B96B1 /* LaunchScreen.xib */ = {
			isa = PBXVariantGroup;
			children = (
				5683A1821AE0B01D004B96B1 /* Base */,
			);
			name = LaunchScreen.xib;
			sourceTree = "<group>";
		};
/* End PBXVariantGroup section */

/* Begin XCBuildConfiguration section */
		5683A1901AE0B01D004B96B1 /* Debug */ = {
			isa = XCBuildConfiguration;
			buildSettings = {
				ALWAYS_SEARCH_USER_PATHS = NO;
				CLANG_CXX_LANGUAGE_STANDARD = "gnu++0x";
				CLANG_CXX_LIBRARY = "libc++";
				CLANG_ENABLE_MODULES = YES;
				CLANG_ENABLE_OBJC_ARC = YES;
				CLANG_WARN_BOOL_CONVERSION = YES;
				CLANG_WARN_CONSTANT_CONVERSION = YES;
				CLANG_WARN_DIRECT_OBJC_ISA_USAGE = YES_ERROR;
				CLANG_WARN_EMPTY_BODY = YES;
				CLANG_WARN_ENUM_CONVERSION = YES;
				CLANG_WARN_INT_CONVERSION = YES;
				CLANG_WARN_OBJC_ROOT_CLASS = YES_ERROR;
				CLANG_WARN_UNREACHABLE_CODE = YES;
				CLANG_WARN__DUPLICATE_METHOD_MATCH = YES;
				"CODE_SIGN_IDENTITY[sdk=iphoneos*]" = "iPhone Developer";
				COPY_PHASE_STRIP = NO;
				ENABLE_STRICT_OBJC_MSGSEND = YES;
				GCC_C_LANGUAGE_STANDARD = gnu99;
				GCC_DYNAMIC_NO_PIC = NO;
				GCC_OPTIMIZATION_LEVEL = 0;
				GCC_PREPROCESSOR_DEFINITIONS = (
					"DEBUG=1",
					"$(inherited)",
				);
				GCC_SYMBOLS_PRIVATE_EXTERN = NO;
				GCC_WARN_64_TO_32_BIT_CONVERSION = YES;
				GCC_WARN_ABOUT_RETURN_TYPE = YES_ERROR;
				GCC_WARN_UNDECLARED_SELECTOR = YES;
				GCC_WARN_UNINITIALIZED_AUTOS = YES_AGGRESSIVE;
				GCC_WARN_UNUSED_FUNCTION = YES;
				GCC_WARN_UNUSED_VARIABLE = YES;
				IPHONEOS_DEPLOYMENT_TARGET = 8.2;
				MTL_ENABLE_DEBUG_INFO = YES;
				ONLY_ACTIVE_ARCH = YES;
				SDKROOT = iphoneos;
			};
			name = Debug;
		};
		5683A1911AE0B01D004B96B1 /* Release */ = {
			isa = XCBuildConfiguration;
			buildSettings = {
				ALWAYS_SEARCH_USER_PATHS = NO;
				CLANG_CXX_LANGUAGE_STANDARD = "gnu++0x";
				CLANG_CXX_LIBRARY = "libc++";
				CLANG_ENABLE_MODULES = YES;
				CLANG_ENABLE_OBJC_ARC = YES;
				CLANG_WARN_BOOL_CONVERSION = YES;
				CLANG_WARN_CONSTANT_CONVERSION = YES;
				CLANG_WARN_DIRECT_OBJC_ISA_USAGE = YES_ERROR;
				CLANG_WARN_EMPTY_BODY = YES;
				CLANG_WARN_ENUM_CONVERSION = YES;
				CLANG_WARN_INT_CONVERSION = YES;
				CLANG_WARN_OBJC_ROOT_CLASS = YES_ERROR;
				CLANG_WARN_UNREACHABLE_CODE = YES;
				CLANG_WARN__DUPLICATE_METHOD_MATCH = YES;
				"CODE_SIGN_IDENTITY[sdk=iphoneos*]" = "iPhone Developer";
				COPY_PHASE_STRIP = NO;
				ENABLE_NS_ASSERTIONS = NO;
				ENABLE_STRICT_OBJC_MSGSEND = YES;
				GCC_C_LANGUAGE_STANDARD = gnu99;
				GCC_WARN_64_TO_32_BIT_CONVERSION = YES;
				GCC_WARN_ABOUT_RETURN_TYPE = YES_ERROR;
				GCC_WARN_UNDECLARED_SELECTOR = YES;
				GCC_WARN_UNINITIALIZED_AUTOS = YES_AGGRESSIVE;
				GCC_WARN_UNUSED_FUNCTION = YES;
				GCC_WARN_UNUSED_VARIABLE = YES;
				IPHONEOS_DEPLOYMENT_TARGET = 8.2;
				MTL_ENABLE_DEBUG_INFO = NO;
				SDKROOT = iphoneos;
				VALIDATE_PRODUCT = YES;
			};
			name = Release;
		};
		5683A1931AE0B01D004B96B1 /* Debug */ = {
			isa = XCBuildConfiguration;
			baseConfigurationReference = 4D09BFC5409D913351388ADE /* Pods-QFToolBarDemo.debug.xcconfig */;
			buildSettings = {
				ASSETCATALOG_COMPILER_APPICON_NAME = AppIcon;
				CODE_SIGN_IDENTITY = "iPhone Developer";
				INFOPLIST_FILE = QFToolBarDemo/Info.plist;
				IPHONEOS_DEPLOYMENT_TARGET = 6.0;
				LD_RUNPATH_SEARCH_PATHS = "$(inherited) @executable_path/Frameworks";
				PRODUCT_NAME = "$(TARGET_NAME)";
			};
			name = Debug;
		};
		5683A1941AE0B01D004B96B1 /* Release */ = {
			isa = XCBuildConfiguration;
			baseConfigurationReference = 3DA121E4129F44BDAE629F7F /* Pods-QFToolBarDemo.release.xcconfig */;
			buildSettings = {
				ASSETCATALOG_COMPILER_APPICON_NAME = AppIcon;
				CODE_SIGN_IDENTITY = "iPhone Developer";
				INFOPLIST_FILE = QFToolBarDemo/Info.plist;
				IPHONEOS_DEPLOYMENT_TARGET = 6.0;
				LD_RUNPATH_SEARCH_PATHS = "$(inherited) @executable_path/Frameworks";
				PRODUCT_NAME = "$(TARGET_NAME)";
			};
			name = Release;
		};
		5683A1961AE0B01D004B96B1 /* Debug */ = {
			isa = XCBuildConfiguration;
			buildSettings = {
				BUNDLE_LOADER = "$(TEST_HOST)";
				FRAMEWORK_SEARCH_PATHS = (
					"$(SDKROOT)/Developer/Library/Frameworks",
					"$(inherited)",
				);
				GCC_PREPROCESSOR_DEFINITIONS = (
					"DEBUG=1",
					"$(inherited)",
				);
				INFOPLIST_FILE = QFToolBarDemoTests/Info.plist;
				LD_RUNPATH_SEARCH_PATHS = "$(inherited) @executable_path/Frameworks @loader_path/Frameworks";
				PRODUCT_NAME = "$(TARGET_NAME)";
				TEST_HOST = "$(BUILT_PRODUCTS_DIR)/QFToolBarDemo.app/QFToolBarDemo";
			};
			name = Debug;
		};
		5683A1971AE0B01D004B96B1 /* Release */ = {
			isa = XCBuildConfiguration;
			buildSettings = {
				BUNDLE_LOADER = "$(TEST_HOST)";
				FRAMEWORK_SEARCH_PATHS = (
					"$(SDKROOT)/Developer/Library/Frameworks",
					"$(inherited)",
				);
				INFOPLIST_FILE = QFToolBarDemoTests/Info.plist;
				LD_RUNPATH_SEARCH_PATHS = "$(inherited) @executable_path/Frameworks @loader_path/Frameworks";
				PRODUCT_NAME = "$(TARGET_NAME)";
				TEST_HOST = "$(BUILT_PRODUCTS_DIR)/QFToolBarDemo.app/QFToolBarDemo";
			};
			name = Release;
		};
/* End XCBuildConfiguration section */

/* Begin XCConfigurationList section */
		5683A16A1AE0B01D004B96B1 /* Build configuration list for PBXProject "QFToolBarDemo" */ = {
			isa = XCConfigurationList;
			buildConfigurations = (
				5683A1901AE0B01D004B96B1 /* Debug */,
				5683A1911AE0B01D004B96B1 /* Release */,
			);
			defaultConfigurationIsVisible = 0;
			defaultConfigurationName = Release;
		};
		5683A1921AE0B01D004B96B1 /* Build configuration list for PBXNativeTarget "QFToolBarDemo" */ = {
			isa = XCConfigurationList;
			buildConfigurations = (
				5683A1931AE0B01D004B96B1 /* Debug */,
				5683A1941AE0B01D004B96B1 /* Release */,
			);
			defaultConfigurationIsVisible = 0;
			defaultConfigurationName = Release;
		};
		5683A1951AE0B01D004B96B1 /* Build configuration list for PBXNativeTarget "QFToolBarDemoTests" */ = {
			isa = XCConfigurationList;
			buildConfigurations = (
				5683A1961AE0B01D004B96B1 /* Debug */,
				5683A1971AE0B01D004B96B1 /* Release */,
			);
			defaultConfigurationIsVisible = 0;
			defaultConfigurationName = Release;
		};
/* End XCConfigurationList section */
	};
	rootObject = 5683A1671AE0B01D004B96B1 /* Project object */;
}
